
Microsoft Visual Studio Solution File, Format Version 12.00
# Visual Studio Version 17
VisualStudioVersion = 17.7.34031.279
MinimumVisualStudioVersion = 10.0.40219.1
Project("{FAE04EC0-301F-11D3-BF4B-00C04F79EFBC}") = "Trabalho", "Trabalho\Trabalho.csproj", "{5D368B6E-7EC3-4C7A-A7E1-901DEEB956EF}"
EndProject
Global
	GlobalSection(SolutionConfigurationPlatforms) = preSolution
		Debug|Any CPU = Debug|Any CPU
		Release|Any CPU = Release|Any CPU
	EndGlobalSection
	GlobalSection(ProjectConfigurationPlatforms) = postSolution
		{5D368B6E-7EC3-4C7A-A7E1-901DEEB956EF}.Debug|Any CPU.ActiveCfg = Debug|Any CPU
		{5D368B6E-7EC3-4C7A-A7E1-901DEEB956EF}.Debug|Any CPU.Build.0 = Debug|Any CPU
		{5D368B6E-7EC3-4C7A-A7E1-901DEEB956EF}.Release|Any CPU.ActiveCfg = Release|Any CPU
		{5D368B6E-7EC3-4C7A-A7E1-901DEEB956EF}.Release|Any CPU.Build.0 = Release|Any CPU
	EndGlobalSection
	GlobalSection(SolutionProperties) = preSolution
		HideSolutionNode = FALSE
	EndGlobalSection
	GlobalSection(ExtensibilityGlobals) = postSolution
		SolutionGuid = {16742283-ED22-4098-8FD2-8A7226E5DCF2}
	EndGlobalSection
EndGlobal
